
Microsoft Visual Studio Solution File, Format Version 12.00
# Visual Studio Version 17
VisualStudioVersion = 17.14.36301.6 d17.14
MinimumVisualStudioVersion = 10.0.40219.1
Project("{FAE04EC0-301F-11D3-BF4B-00C04F79EFBC}") = "Chocolate", "Chocolate\Chocolate.csproj", "{DF69A7BD-2F63-43B5-9623-C4DA025FD34D}"
EndProject
Global
	GlobalSection(SolutionConfigurationPlatforms) = preSolution
		Debug|Any CPU = Debug|Any CPU
		Release|Any CPU = Release|Any CPU
	EndGlobalSection
	GlobalSection(ProjectConfigurationPlatforms) = postSolution
		{DF69A7BD-2F63-43B5-9623-C4DA025FD34D}.Debug|Any CPU.ActiveCfg = Debug|Any CPU
		{DF69A7BD-2F63-43B5-9623-C4DA025FD34D}.Debug|Any CPU.Build.0 = Debug|Any CPU
		{DF69A7BD-2F63-43B5-9623-C4DA025FD34D}.Release|Any CPU.ActiveCfg = Release|Any CPU
		{DF69A7BD-2F63-43B5-9623-C4DA025FD34D}.Release|Any CPU.Build.0 = Release|Any CPU
	EndGlobalSection
	GlobalSection(SolutionProperties) = preSolution
		HideSolutionNode = FALSE
	EndGlobalSection
	GlobalSection(ExtensibilityGlobals) = postSolution
		SolutionGuid = {357EEBEA-CE5C-4B29-BF07-DFB6B489E3CF}
	EndGlobalSection
EndGlobal
